{
  "name": "firstapp",
  "version": "0.1.0",
  "lockfileVersion": 3,
  "requires": true,
  "packages": {
    "": {
      "name": "firstapp",
      "version": "0.1.0",
      "dependencies": {
        "@testing-library/dom": "^10.4.1",
        "@testing-library/jest-dom": "^6.9.1",
        "@testing-library/react": "^16.3.0",
        "@testing-library/user-event": "^13.5.0",
        "react": "^19.2.0",
        "react-dom": "^19.2.0",
        "react-player": "^3.3.3",
        "react-router-dom": "^6.30.1",
        "react-scripts": "^0.0.0",
        "web-vitals": "^2.1.4"
      }
    },
    "node_modules/@adobe/css-tools": {
      "version": "4.4.4",
      "resolved": "https://registry.npmjs.org/@adobe/css-tools/-/css-tools-4.4.4.tgz",
      "integrity": "sha512-Elp+iwUx5rN5+Y8xLt5/GRoG20WGoDCQ/1Fb+1LiGtvwbDavuSk0jhD/eZdckHAuzcDzccnkv+rEjyWfRx18gg==",
      "license": "MIT"
    },
    "node_modules/@babel/code-frame": {
      "version": "7.27.1",
      "resolved": "https://registry.npmjs.org/@babel/code-frame/-/code-frame-7.27.1.tgz",
      "integrity": "sha512-cjQ7ZlQ0Mv3b47hABuTevyTuYN4i+loJKGeV9flcCgIK37cCXRh+L1bd3iBHlynerhQ7BhCkn2BPbQUL+rGqFg==",
      "license": "MIT",
      "dependencies": {
        "@babel/helper-validator-identifier": "^7.27.1",
        "js-tokens": "^4.0.0",
        "picocolors": "^1.1.1"
      },
      "engines": {
        "node": ">=6.9.0"
      }
    },
    "node_modules/@babel/helper-validator-identifier": {
      "version": "7.27.1",
      "resolved": "https://registry.npmjs.org/@babel/helper-validator-identifier/-/helper-validator-identifier-7.27.1.tgz",
      "integrity": "sha512-D2hP9eA+Sqx1kBZgzxZh0y1trbuU+JoDkiEwqhQ36nodYqJwyEIhPSdMNd7lOm/4io72luTPWH20Yda0xOuUow==",
      "license": "MIT",
      "engines": {
        "node": ">=6.9.0"
      }
    },
    "node_modules/@babel/runtime": {
      "version": "7.28.4",
      "resolved": "https://registry.npmjs.org/@babel/runtime/-/runtime-7.28.4.tgz",
      "integrity": "sha512-Q/N6JNWvIvPnLDvjlE1OUBLPQHH6l3CltCEsHIujp45zQUSSh8K+gHnaEX45yAT1nyngnINhvWtzN+Nb9D8RAQ==",
      "license": "MIT",
      "engines": {
        "node": ">=6.9.0"
      }
    },
    "node_modules/@mux/mux-data-google-ima": {
      "version": "0.2.8",
      "resolved": "https://registry.npmjs.org/@mux/mux-data-google-ima/-/mux-data-google-ima-0.2.8.tgz",
      "integrity": "sha512-0ZEkHdcZ6bS8QtcjFcoJeZxJTpX7qRIledf4q1trMWPznugvtajCjCM2kieK/pzkZj1JM6liDRFs1PJSfVUs2A==",
      "license": "MIT",
      "dependencies": {
        "mux-embed": "5.9.0"
      }
    },
    "node_modules/@mux/mux-player": {
      "version": "3.8.0",
      "resolved": "https://registry.npmjs.org/@mux/mux-player/-/mux-player-3.8.0.tgz",
      "integrity": "sha512-2KcJdW4BBX8JDcXpclFKaNBsqpebtaEfTzwm5lPP1Lf6y5OMILvf2tqVCOczurREVFyaEoVD71vL0I5Vvqb1dA==",
      "license": "MIT",
      "dependencies": {
        "@mux/mux-video": "0.27.2",
        "@mux/playback-core": "0.31.2",
        "media-chrome": "~4.15.1",
        "player.style": "^0.3.0"
      }
    },
    "node_modules/@mux/mux-player-react": {
      "version": "3.8.0",
      "resolved": "https://registry.npmjs.org/@mux/mux-player-react/-/mux-player-react-3.8.0.tgz",
      "integrity": "sha512-c9TKtK9nsSpXOuC1LVLmmHA+Zlpcx4mzgGaA7ZlukrGMfoXWvA90ROSVAAjXRA+UKSHdLIbvNofgG3P6rEE/4Q==",
      "license": "MIT",
      "dependencies": {
        "@mux/mux-player": "3.8.0",
        "@mux/playback-core": "0.31.2",
        "prop-types": "^15.8.1"
      },
      "peerDependencies": {
        "@types/react": "^17.0.0 || ^17.0.0-0 || ^18 || ^18.0.0-0 || ^19 || ^19.0.0-0",
        "react": "^17.0.2 || ^17.0.0-0 || ^18 || ^18.0.0-0 || ^19 || ^19.0.0-0",
        "react-dom": "^17.0.2 || ^17.0.2-0 || ^18 || ^18.0.0-0 || ^19 || ^19.0.0-0"
      },
      "peerDependenciesMeta": {
        "@types/react": {
          "optional": true
        },
        "@types/react-dom": {
          "optional": true
        }
      }
    },
    "node_modules/@mux/mux-video": {
      "version": "0.27.2",
      "resolved": "https://registry.npmjs.org/@mux/mux-video/-/mux-video-0.27.2.tgz",
      "integrity": "sha512-VAqSw/3kS/qBzjyFSX3wClIX5Kdk6eXXlhxIJRWlClYvUKGm9ruhd7HzkwZVOJguvUh5QbGoiGWBEW2xkNIXzw==",
      "license": "MIT",
      "dependencies": {
        "@mux/mux-data-google-ima": "0.2.8",
        "@mux/playback-core": "0.31.2",
        "castable-video": "~1.1.11",
        "custom-media-element": "~1.4.5",
        "media-tracks": "~0.3.3"
      }
    },
    "node_modules/@mux/playback-core": {
      "version": "0.31.2",
      "resolved": "https://registry.npmjs.org/@mux/playback-core/-/playback-core-0.31.2.tgz",
      "integrity": "sha512-bhOVTGAuKCQuDzNOc3XvDq7vsgqy2DAacLP0WdJciUKjfZhs3oA11NbKG7qAN6akPnZVfgn0Jn/sJN8TRjE30A==",
      "license": "MIT",
      "dependencies": {
        "hls.js": "~1.6.13",
        "mux-embed": "^5.8.3"
      }
    },
    "node_modules/@remix-run/router": {
      "version": "1.23.0",
      "resolved": "https://registry.npmjs.org/@remix-run/router/-/router-1.23.0.tgz",
      "integrity": "sha512-O3rHJzAQKamUz1fvE0Qaw0xSFqsA/yafi2iqeE0pvdFtCO1viYx8QL6f3Ln/aCCTLxs68SLf0KPM9eSeM8yBnA==",
      "license": "MIT",
      "engines": {
        "node": ">=14.0.0"
      }
    },
    "node_modules/@svta/common-media-library": {
      "version": "0.12.4",
      "resolved": "https://registry.npmjs.org/@svta/common-media-library/-/common-media-library-0.12.4.tgz",
      "integrity": "sha512-9EuOoaNmz7JrfGwjsrD9SxF9otU5TNMnbLu1yU4BeLK0W5cDxVXXR58Z89q9u2AnHjIctscjMTYdlqQ1gojTuw==",
      "license": "Apache-2.0"
    },
    "node_modules/@testing-library/dom": {
      "version": "10.4.1",
      "resolved": "https://registry.npmjs.org/@testing-library/dom/-/dom-10.4.1.tgz",
      "integrity": "sha512-o4PXJQidqJl82ckFaXUeoAW+XysPLauYI43Abki5hABd853iMhitooc6znOnczgbTYmEP6U6/y1ZyKAIsvMKGg==",
      "license": "MIT",
      "dependencies": {
        "@babel/code-frame": "^7.10.4",
        "@babel/runtime": "^7.12.5",
        "@types/aria-query": "^5.0.1",
        "aria-query": "5.3.0",
        "dom-accessibility-api": "^0.5.9",
        "lz-string": "^1.5.0",
        "picocolors": "1.1.1",
        "pretty-format": "^27.0.2"
      },
      "engines": {
        "node": ">=18"
      }
    },
    "node_modules/@testing-library/dom/node_modules/aria-query": {
      "version": "5.3.0",
      "resolved": "https://registry.npmjs.org/aria-query/-/aria-query-5.3.0.tgz",
      "integrity": "sha512-b0P0sZPKtyu8HkeRAfCq0IfURZK+SuwMjY1UXGBU27wpAiTwQAIlq56IbIO+ytk/JjS1fMR14ee5WBBfKi5J6A==",
      "license": "Apache-2.0",
      "dependencies": {
        "dequal": "^2.0.3"
      }
    },
    "node_modules/@testing-library/jest-dom": {
      "version": "6.9.1",
      "resolved": "https://registry.npmjs.org/@testing-library/jest-dom/-/jest-dom-6.9.1.tgz",
      "integrity": "sha512-zIcONa+hVtVSSep9UT3jZ5rizo2BsxgyDYU7WFD5eICBE7no3881HGeb/QkGfsJs6JTkY1aQhT7rIPC7e+0nnA==",
      "license": "MIT",
      "dependencies": {
        "@adobe/css-tools": "^4.4.0",
        "aria-query": "^5.0.0",
        "css.escape": "^1.5.1",
        "dom-accessibility-api": "^0.6.3",
        "picocolors": "^1.1.1",
        "redent": "^3.0.0"
      },
      "engines": {
        "node": ">=14",
        "npm": ">=6",
        "yarn": ">=1"
      }
    },
    "node_modules/@testing-library/jest-dom/node_modules/dom-accessibility-api": {
      "version": "0.6.3",
      "resolved": "https://registry.npmjs.org/dom-accessibility-api/-/dom-accessibility-api-0.6.3.tgz",
      "integrity": "sha512-7ZgogeTnjuHbo+ct10G9Ffp0mif17idi0IyWNVA/wcwcm7NPOD/WEHVP3n7n3MhXqxoIYm8d6MuZohYWIZ4T3w==",
      "license": "MIT"
    },
    "node_modules/@testing-library/react": {
      "version": "16.3.0",
      "resolved": "https://registry.npmjs.org/@testing-library/react/-/react-16.3.0.tgz",
      "integrity": "sha512-kFSyxiEDwv1WLl2fgsq6pPBbw5aWKrsY2/noi1Id0TK0UParSF62oFQFGHXIyaG4pp2tEub/Zlel+fjjZILDsw==",
      "license": "MIT",
      "dependencies": {
        "@babel/runtime": "^7.12.5"
      },
      "engines": {
        "node": ">=18"
      },
      "peerDependencies": {
        "@testing-library/dom": "^10.0.0",
        "@types/react": "^18.0.0 || ^19.0.0",
        "@types/react-dom": "^18.0.0 || ^19.0.0",
        "react": "^18.0.0 || ^19.0.0",
        "react-dom": "^18.0.0 || ^19.0.0"
      },
      "peerDependenciesMeta": {
        "@types/react": {
          "optional": true
        },
        "@types/react-dom": {
          "optional": true
        }
      }
    },
    "node_modules/@testing-library/user-event": {
      "version": "13.5.0",
      "resolved": "https://registry.npmjs.org/@testing-library/user-event/-/user-event-13.5.0.tgz",
      "integrity": "sha512-5Kwtbo3Y/NowpkbRuSepbyMFkZmHgD+vPzYB/RJ4oxt5Gj/avFFBYjhw27cqSVPVw/3a67NK1PbiIr9k4Gwmdg==",
      "license": "MIT",
      "dependencies": {
        "@babel/runtime": "^7.12.5"
      },
      "engines": {
        "node": ">=10",
        "npm": ">=6"
      },
      "peerDependencies": {
        "@testing-library/dom": ">=7.21.4"
      }
    },
    "node_modules/@types/aria-query": {
      "version": "5.0.4",
      "resolved": "https://registry.npmjs.org/@types/aria-query/-/aria-query-5.0.4.tgz",
      "integrity": "sha512-rfT93uj5s0PRL7EzccGMs3brplhcrghnDoV26NqKhCAS1hVo+WdNsPvE/yb6ilfr5hi2MEk6d5EWJTKdxg8jVw==",
      "license": "MIT"
    },
    "node_modules/@types/react": {
      "version": "19.2.2",
      "resolved": "https://registry.npmjs.org/@types/react/-/react-19.2.2.tgz",
      "integrity": "sha512-6mDvHUFSjyT2B2yeNx2nUgMxh9LtOWvkhIU3uePn2I2oyNymUAX1NIsdgviM4CH+JSrp2D2hsMvJOkxY+0wNRA==",
      "license": "MIT",
      "peer": true,
      "dependencies": {
        "csstype": "^3.0.2"
      }
    },
    "node_modules/@vimeo/player": {
      "version": "2.29.0",
      "resolved": "https://registry.npmjs.org/@vimeo/player/-/player-2.29.0.tgz",
      "integrity": "sha512-9JjvjeqUndb9otCCFd0/+2ESsLk7VkDE6sxOBy9iy2ukezuQbplVRi+g9g59yAurKofbmTi/KcKxBGO/22zWRw==",
      "license": "MIT",
      "dependencies": {
        "native-promise-only": "0.8.1",
        "weakmap-polyfill": "2.0.4"
      }
    },
    "node_modules/ansi-regex": {
      "version": "5.0.1",
      "resolved": "https://registry.npmjs.org/ansi-regex/-/ansi-regex-5.0.1.tgz",
      "integrity": "sha512-quJQXlTSUGL2LH9SUXo8VwsY4soanhgo6LNSm84E1LBcE8s3O0wpdiRzyR9z/ZZJMlMWv37qOOb9pdJlMUEKFQ==",
      "license": "MIT",
      "engines": {
        "node": ">=8"
      }
    },
    "node_modules/aria-query": {
      "version": "5.3.2",
      "resolved": "https://registry.npmjs.org/aria-query/-/aria-query-5.3.2.tgz",
      "integrity": "sha512-COROpnaoap1E2F000S62r6A60uHZnmlvomhfyT2DlTcrY1OrBKn2UhH7qn5wTC9zMvD0AY7csdPSNwKP+7WiQw==",
      "license": "Apache-2.0",
      "engines": {
        "node": ">= 0.4"
      }
    },
    "node_modules/bcp-47": {
      "version": "2.1.0",
      "resolved": "https://registry.npmjs.org/bcp-47/-/bcp-47-2.1.0.tgz",
      "integrity": "sha512-9IIS3UPrvIa1Ej+lVDdDwO7zLehjqsaByECw0bu2RRGP73jALm6FYbzI5gWbgHLvNdkvfXB5YrSbocZdOS0c0w==",
      "license": "MIT",
      "dependencies": {
        "is-alphabetical": "^2.0.0",
        "is-alphanumerical": "^2.0.0",
        "is-decimal": "^2.0.0"
      },
      "funding": {
        "type": "github",
        "url": "https://github.com/sponsors/wooorm"
      }
    },
    "node_modules/bcp-47-match": {
      "version": "2.0.3",
      "resolved": "https://registry.npmjs.org/bcp-47-match/-/bcp-47-match-2.0.3.tgz",
      "integrity": "sha512-JtTezzbAibu8G0R9op9zb3vcWZd9JF6M0xOYGPn0fNCd7wOpRB1mU2mH9T8gaBGbAAyIIVgB2G7xG0GP98zMAQ==",
      "license": "MIT",
      "funding": {
        "type": "github",
        "url": "https://github.com/sponsors/wooorm"
      }
    },
    "node_modules/bcp-47-normalize": {
      "version": "2.3.0",
      "resolved": "https://registry.npmjs.org/bcp-47-normalize/-/bcp-47-normalize-2.3.0.tgz",
      "integrity": "sha512-8I/wfzqQvttUFz7HVJgIZ7+dj3vUaIyIxYXaTRP1YWoSDfzt6TUmxaKZeuXR62qBmYr+nvuWINFRl6pZ5DlN4Q==",
      "license": "MIT",
      "dependencies": {
        "bcp-47": "^2.0.0",
        "bcp-47-match": "^2.0.0"
      },
      "funding": {
        "type": "github",
        "url": "https://github.com/sponsors/wooorm"
      }
    },
    "node_modules/castable-video": {
      "version": "1.1.11",
      "resolved": "https://registry.npmjs.org/castable-video/-/castable-video-1.1.11.tgz",
      "integrity": "sha512-LCRTK6oe7SB1SiUQFzZCo6D6gcEzijqBTVIuj3smKpQdesXM18QTbCVqWgh9MfOeQgTx/i9ji5jGcdqNPeWg2g==",
      "license": "MIT",
      "dependencies": {
        "custom-media-element": "~1.4.5"
      }
    },
    "node_modules/ce-la-react": {
      "version": "0.3.1",
      "resolved": "https://registry.npmjs.org/ce-la-react/-/ce-la-react-0.3.1.tgz",
      "integrity": "sha512-g0YwpZDPIwTwFumGTzNHcgJA6VhFfFCJkSNdUdC04br2UfU+56JDrJrJva3FZ7MToB4NDHAFBiPE/PZdNl1mQA==",
      "license": "BSD-3-Clause",
      "peerDependencies": {
        "react": ">=17.0.0"
      }
    },
    "node_modules/cloudflare-video-element": {
      "version": "1.3.4",
      "resolved": "https://registry.npmjs.org/cloudflare-video-element/-/cloudflare-video-element-1.3.4.tgz",
      "integrity": "sha512-F9g+tXzGEXI6v6L48qXxr8vnR8+L6yy7IhpJxK++lpzuVekMHTixxH7/dzLuq6OacVGziU4RB5pzZYJ7/LYtJg==",
      "license": "MIT"
    },
    "node_modules/codem-isoboxer": {
      "version": "0.3.10",
      "resolved": "https://registry.npmjs.org/codem-isoboxer/-/codem-isoboxer-0.3.10.tgz",
      "integrity": "sha512-eNk3TRV+xQMJ1PEj0FQGY8KD4m0GPxT487XJ+Iftm7mVa9WpPFDMWqPt+46buiP5j5Wzqe5oMIhqBcAeKfygSA==",
      "license": "MIT"
    },
    "node_modules/css.escape": {
      "version": "1.5.1",
      "resolved": "https://registry.npmjs.org/css.escape/-/css.escape-1.5.1.tgz",
      "integrity": "sha512-YUifsXXuknHlUsmlgyY0PKzgPOr7/FjCePfHNt0jxm83wHZi44VDMQ7/fGNkjY3/jV1MC+1CmZbaHzugyeRtpg==",
      "license": "MIT"
    },
    "node_modules/csstype": {
      "version": "3.1.3",
      "resolved": "https://registry.npmjs.org/csstype/-/csstype-3.1.3.tgz",
      "integrity": "sha512-M1uQkMl8rQK/szD0LNhtqxIPLpimGm8sOBwU7lLnCpSbTyY3yeU1Vc7l4KT5zT4s/yOxHH5O7tIuuLOCnLADRw==",
      "license": "MIT",
      "peer": true
    },
    "node_modules/custom-media-element": {
      "version": "1.4.5",
      "resolved": "https://registry.npmjs.org/custom-media-element/-/custom-media-element-1.4.5.tgz",
      "integrity": "sha512-cjrsQufETwxjvwZbYbKBCJNvmQ2++G9AvT45zDi7NXL9k2PdVcs2h0jQz96J6G4TMKRCcEsoJ+QTgQD00Igtjw==",
      "license": "MIT"
    },
    "node_modules/dash-video-element": {
      "version": "0.2.0",
      "resolved": "https://registry.npmjs.org/dash-video-element/-/dash-video-element-0.2.0.tgz",
      "integrity": "sha512-dgmhBOte6JgvSvowvrh0Q/vhSrB52Q/AUl/KqminAUkPuUT3CCUNhto1X8ANigWkmNwhktFc/PCe0lF/4tBFwQ==",
      "license": "MIT",
      "dependencies": {
        "custom-media-element": "^1.4.5",
        "dashjs": "^5.0.3",
        "media-tracks": "^0.3.3"
      }
    },
    "node_modules/dashjs": {
      "version": "5.0.3",
      "resolved": "https://registry.npmjs.org/dashjs/-/dashjs-5.0.3.tgz",
      "integrity": "sha512-TXndNnCUjFjF2nYBxDVba+hWRpVkadkQ8flLp7kHkem+5+wZTfRShJCnVkPUosmjS0YPE9fVNLbYPJxHBeQZvA==",
      "license": "BSD-3-Clause",
      "dependencies": {
        "@svta/common-media-library": "^0.12.4",
        "bcp-47-match": "^2.0.3",
        "bcp-47-normalize": "^2.3.0",
        "codem-isoboxer": "0.3.10",
        "fast-deep-equal": "3.1.3",
        "html-entities": "^2.5.2",
        "imsc": "^1.1.5",
        "localforage": "^1.10.0",
        "path-browserify": "^1.0.1",
        "ua-parser-js": "^1.0.37"
      }
    },
    "node_modules/dequal": {
      "version": "2.0.3",
      "resolved": "https://registry.npmjs.org/dequal/-/dequal-2.0.3.tgz",
      "integrity": "sha512-0je+qPKHEMohvfRTCEo3CrPG6cAzAYgmzKyxRiYSSDkS6eGJdyVJm7WaYA5ECaAD9wLB2T4EEeymA5aFVcYXCA==",
      "license": "MIT",
      "engines": {
        "node": ">=6"
      }
    },
    "node_modules/dom-accessibility-api": {
      "version": "0.5.16",
      "resolved": "https://registry.npmjs.org/dom-accessibility-api/-/dom-accessibility-api-0.5.16.tgz",
      "integrity": "sha512-X7BJ2yElsnOJ30pZF4uIIDfBEVgF4XEBxL9Bxhy6dnrm5hkzqmsWHGTiHqRiITNhMyFLyAiWndIJP7Z1NTteDg==",
      "license": "MIT"
    },
    "node_modules/fast-deep-equal": {
      "version": "3.1.3",
      "resolved": "https://registry.npmjs.org/fast-deep-equal/-/fast-deep-equal-3.1.3.tgz",
      "integrity": "sha512-f3qQ9oQy9j2AhBe/H9VC91wLmKBCCU/gDOnKNAYG5hswO7BLKj09Hc5HYNz9cGI++xlpDCIgDaitVs03ATR84Q==",
      "license": "MIT"
    },
    "node_modules/hls-video-element": {
      "version": "1.5.8",
      "resolved": "https://registry.npmjs.org/hls-video-element/-/hls-video-element-1.5.8.tgz",
      "integrity": "sha512-DdeX5NzhM2Bj+ls5aaRrzSSnriK+r6lCrDa0YyfviNO4zb10JyAnJHZM214lXBWQghCm+fKmlWW1qpzdNoSAvQ==",
      "license": "MIT",
      "dependencies": {
        "custom-media-element": "^1.4.5",
        "hls.js": "^1.6.5",
        "media-tracks": "^0.3.3"
      }
    },
    "node_modules/hls.js": {
      "version": "1.6.14",
      "resolved": "https://registry.npmjs.org/hls.js/-/hls.js-1.6.14.tgz",
      "integrity": "sha512-CSpT2aXsv71HST8C5ETeVo+6YybqCpHBiYrCRQSn3U5QUZuLTSsvtq/bj+zuvjLVADeKxoebzo16OkH8m1+65Q==",
      "license": "Apache-2.0"
    },
    "node_modules/html-entities": {
      "version": "2.6.0",
      "resolved": "https://registry.npmjs.org/html-entities/-/html-entities-2.6.0.tgz",
      "integrity": "sha512-kig+rMn/QOVRvr7c86gQ8lWXq+Hkv6CbAH1hLu+RG338StTpE8Z0b44SDVaqVu7HGKf27frdmUYEs9hTUX/cLQ==",
      "funding": [
        {
          "type": "github",
          "url": "https://github.com/sponsors/mdevils"
        },
        {
          "type": "patreon",
          "url": "https://patreon.com/mdevils"
        }
      ],
      "license": "MIT"
    },
    "node_modules/immediate": {
      "version": "3.0.6",
      "resolved": "https://registry.npmjs.org/immediate/-/immediate-3.0.6.tgz",
      "integrity": "sha512-XXOFtyqDjNDAQxVfYxuF7g9Il/IbWmmlQg2MYKOH8ExIT1qg6xc4zyS3HaEEATgs1btfzxq15ciUiY7gjSXRGQ==",
      "license": "MIT"
    },
    "node_modules/imsc": {
      "version": "1.1.5",
      "resolved": "https://registry.npmjs.org/imsc/-/imsc-1.1.5.tgz",
      "integrity": "sha512-V8je+CGkcvGhgl2C1GlhqFFiUOIEdwXbXLiu1Fcubvvbo+g9inauqT3l0pNYXGoLPBj3jxtZz9t+wCopMkwadQ==",
      "license": "BSD-2-Clause",
      "dependencies": {
        "sax": "1.2.1"
      }
    },
    "node_modules/imsc/node_modules/sax": {
      "version": "1.2.1",
      "resolved": "https://registry.npmjs.org/sax/-/sax-1.2.1.tgz",
      "integrity": "sha512-8I2a3LovHTOpm7NV5yOyO8IHqgVsfK4+UuySrXU8YXkSRX7k6hCV9b3HrkKCr3nMpgj+0bmocaJJWpvp1oc7ZA==",
      "license": "ISC"
    },
    "node_modules/indent-string": {
      "version": "4.0.0",
      "resolved": "https://registry.npmjs.org/indent-string/-/indent-string-4.0.0.tgz",
      "integrity": "sha512-EdDDZu4A2OyIK7Lr/2zG+w5jmbuk1DVBnEwREQvBzspBJkCEbRa8GxU1lghYcaGJCnRWibjDXlq779X1/y5xwg==",
      "license": "MIT",
      "engines": {
        "node": ">=8"
      }
    },
    "node_modules/is-alphabetical": {
      "version": "2.0.1",
      "resolved": "https://registry.npmjs.org/is-alphabetical/-/is-alphabetical-2.0.1.tgz",
      "integrity": "sha512-FWyyY60MeTNyeSRpkM2Iry0G9hpr7/9kD40mD/cGQEuilcZYS4okz8SN2Q6rLCJ8gbCt6fN+rC+6tMGS99LaxQ==",
      "license": "MIT",
      "funding": {
        "type": "github",
        "url": "https://github.com/sponsors/wooorm"
      }
    },
    "node_modules/is-alphanumerical": {
      "version": "2.0.1",
      "resolved": "https://registry.npmjs.org/is-alphanumerical/-/is-alphanumerical-2.0.1.tgz",
      "integrity": "sha512-hmbYhX/9MUMF5uh7tOXyK/n0ZvWpad5caBA17GsC6vyuCqaWliRG5K1qS9inmUhEMaOBIW7/whAnSwveW/LtZw==",
      "license": "MIT",
      "dependencies": {
        "is-alphabetical": "^2.0.0",
        "is-decimal": "^2.0.0"
      },
      "funding": {
        "type": "github",
        "url": "https://github.com/sponsors/wooorm"
      }
    },
    "node_modules/is-decimal": {
      "version": "2.0.1",
      "resolved": "https://registry.npmjs.org/is-decimal/-/is-decimal-2.0.1.tgz",
      "integrity": "sha512-AAB9hiomQs5DXWcRB1rqsxGUstbRroFOPPVAomNk/3XHR5JyEZChOyTWe2oayKnsSsr/kcGqF+z6yuH6HHpN0A==",
      "license": "MIT",
      "funding": {
        "type": "github",
        "url": "https://github.com/sponsors/wooorm"
      }
    },
    "node_modules/js-tokens": {
      "version": "4.0.0",
      "resolved": "https://registry.npmjs.org/js-tokens/-/js-tokens-4.0.0.tgz",
      "integrity": "sha512-RdJUflcE3cUzKiMqQgsCu06FPu9UdIJO0beYbPhHN4k6apgJtifcoCtT9bcxOpYBtpD2kCM6Sbzg4CausW/PKQ==",
      "license": "MIT"
    },
    "node_modules/lie": {
      "version": "3.1.1",
      "resolved": "https://registry.npmjs.org/lie/-/lie-3.1.1.tgz",
      "integrity": "sha512-RiNhHysUjhrDQntfYSfY4MU24coXXdEOgw9WGcKHNeEwffDYbF//u87M1EWaMGzuFoSbqW0C9C6lEEhDOAswfw==",
      "license": "MIT",
      "dependencies": {
        "immediate": "~3.0.5"
      }
    },
    "node_modules/localforage": {
      "version": "1.10.0",
      "resolved": "https://registry.npmjs.org/localforage/-/localforage-1.10.0.tgz",
      "integrity": "sha512-14/H1aX7hzBBmmh7sGPd+AOMkkIrHM3Z1PAyGgZigA1H1p5O5ANnMyWzvpAETtG68/dC4pC0ncy3+PPGzXZHPg==",
      "license": "Apache-2.0",
      "dependencies": {
        "lie": "3.1.1"
      }
    },
    "node_modules/loose-envify": {
      "version": "1.4.0",
      "resolved": "https://registry.npmjs.org/loose-envify/-/loose-envify-1.4.0.tgz",
      "integrity": "sha512-lyuxPGr/Wfhrlem2CL/UcnUc1zcqKAImBDzukY7Y5F/yQiNdko6+fRLevlw1HgMySw7f611UIY408EtxRSoK3Q==",
      "license": "MIT",
      "dependencies": {
        "js-tokens": "^3.0.0 || ^4.0.0"
      },
      "bin": {
        "loose-envify": "cli.js"
      }
    },
    "node_modules/lz-string": {
      "version": "1.5.0",
      "resolved": "https://registry.npmjs.org/lz-string/-/lz-string-1.5.0.tgz",
      "integrity": "sha512-h5bgJWpxJNswbU7qCrV0tIKQCaS3blPDrqKWx+QxzuzL1zGUzij9XCWLrSLsJPu5t+eWA/ycetzYAO5IOMcWAQ==",
      "license": "MIT",
      "bin": {
        "lz-string": "bin/bin.js"
      }
    },
    "node_modules/media-chrome": {
      "version": "4.15.1",
      "resolved": "https://registry.npmjs.org/media-chrome/-/media-chrome-4.15.1.tgz",
      "integrity": "sha512-Hxqr0qQ67ewmRaLJBqe5ayu53txFX+DODb9xBSHgTbw7j+gITGZ4llbPPEmqMlDnatw7IsF+AUh9rJYbpnn4ZQ==",
      "license": "MIT",
      "dependencies": {
        "ce-la-react": "^0.3.0"
      }
    },
    "node_modules/media-tracks": {
      "version": "0.3.3",
      "resolved": "https://registry.npmjs.org/media-tracks/-/media-tracks-0.3.3.tgz",
      "integrity": "sha512-9P2FuUHnZZ3iji+2RQk7Zkh5AmZTnOG5fODACnjhCVveX1McY3jmCRHofIEI+yTBqplz7LXy48c7fQ3Uigp88w==",
      "license": "MIT"
    },
    "node_modules/min-indent": {
      "version": "1.0.1",
      "resolved": "https://registry.npmjs.org/min-indent/-/min-indent-1.0.1.tgz",
      "integrity": "sha512-I9jwMn07Sy/IwOj3zVkVik2JTvgpaykDZEigL6Rx6N9LbMywwUSMtxET+7lVoDLLd3O3IXwJwvuuns8UB/HeAg==",
      "license": "MIT",
      "engines": {
        "node": ">=4"
      }
    },
    "node_modules/mux-embed": {
      "version": "5.9.0",
      "resolved": "https://registry.npmjs.org/mux-embed/-/mux-embed-5.9.0.tgz",
      "integrity": "sha512-wmunL3uoPhma/tWy8PrDPZkvJpXvSFBwbD3KkC4PG8Ztjfb1X3hRJwGUAQyRz7z99b/ovLm2UTTitrkvStjH4w==",
      "license": "MIT"
    },
    "node_modules/native-promise-only": {
      "version": "0.8.1",
      "resolved": "https://registry.npmjs.org/native-promise-only/-/native-promise-only-0.8.1.tgz",
      "integrity": "sha512-zkVhZUA3y8mbz652WrL5x0fB0ehrBkulWT3TomAQ9iDtyXZvzKeEA6GPxAItBYeNYl5yngKRX612qHOhvMkDeg==",
      "license": "MIT"
    },
    "node_modules/object-assign": {
      "version": "4.1.1",
      "resolved": "https://registry.npmjs.org/object-assign/-/object-assign-4.1.1.tgz",
      "integrity": "sha512-rJgTQnkUnH1sFw8yT6VSU3zD3sWmu6sZhIseY8VX+GRu3P6F7Fu+JNDoXfklElbLJSnc3FUQHVe4cU5hj+BcUg==",
      "license": "MIT",
      "engines": {
        "node": ">=0.10.0"
      }
    },
    "node_modules/path-browserify": {
      "version": "1.0.1",
      "resolved": "https://registry.npmjs.org/path-browserify/-/path-browserify-1.0.1.tgz",
      "integrity": "sha512-b7uo2UCUOYZcnF/3ID0lulOJi/bafxa1xPe7ZPsammBSpjSWQkjNxlt635YGS2MiR9GjvuXCtz2emr3jbsz98g==",
      "license": "MIT"
    },
    "node_modules/picocolors": {
      "version": "1.1.1",
      "resolved": "https://registry.npmjs.org/picocolors/-/picocolors-1.1.1.tgz",
      "integrity": "sha512-xceH2snhtb5M9liqDsmEw56le376mTZkEX/jEb/RxNFyegNul7eNslCXP9FDj/Lcu0X8KEyMceP2ntpaHrDEVA==",
      "license": "ISC"
    },
    "node_modules/player.style": {
      "version": "0.3.0",
      "resolved": "https://registry.npmjs.org/player.style/-/player.style-0.3.0.tgz",
      "integrity": "sha512-ny1TbqA2ZsUd6jzN+F034+UMXVK7n5SrwepsrZ2gIqVz00Hn0ohCUbbUdst/2IOFCy0oiTbaOXkSFxRw1RmSlg==",
      "license": "MIT",
      "workspaces": [
        ".",
        "site",
        "examples/*",
        "scripts/*",
        "themes/*"
      ],
      "dependencies": {
        "media-chrome": "~4.14.0"
      }
    },
    "node_modules/player.style/node_modules/media-chrome": {
      "version": "4.14.0",
      "resolved": "https://registry.npmjs.org/media-chrome/-/media-chrome-4.14.0.tgz",
      "integrity": "sha512-IEdFb4blyF15vLvQzLIn6USJBv7Kf2ne+TfLQKBYI5Z0f9VEBVZz5MKy4Uhi0iA9lStl2S9ENIujJRuJIa5OiA==",
      "license": "MIT",
      "dependencies": {
        "ce-la-react": "^0.3.0"
      }
    },
    "node_modules/pretty-format": {
      "version": "27.5.1",
      "resolved": "https://registry.npmjs.org/pretty-format/-/pretty-format-27.5.1.tgz",
      "integrity": "sha512-Qb1gy5OrP5+zDf2Bvnzdl3jsTf1qXVMazbvCoKhtKqVs4/YK4ozX4gKQJJVyNe+cajNPn0KoC0MC3FUmaHWEmQ==",
      "license": "MIT",
      "dependencies": {
        "ansi-regex": "^5.0.1",
        "ansi-styles": "^5.0.0",
        "react-is": "^17.0.1"
      },
      "engines": {
        "node": "^10.13.0 || ^12.13.0 || ^14.15.0 || >=15.0.0"
      }
    },
    "node_modules/pretty-format/node_modules/ansi-styles": {
      "version": "5.2.0",
      "resolved": "https://registry.npmjs.org/ansi-styles/-/ansi-styles-5.2.0.tgz",
      "integrity": "sha512-Cxwpt2SfTzTtXcfOlzGEee8O+c+MmUgGrNiBcXnuWxuFJHe6a5Hz7qwhwe5OgaSYI0IJvkLqWX1ASG+cJOkEiA==",
      "license": "MIT",
      "engines": {
        "node": ">=10"
      },
      "funding": {
        "url": "https://github.com/chalk/ansi-styles?sponsor=1"
      }
    },
    "node_modules/prop-types": {
      "version": "15.8.1",
      "resolved": "https://registry.npmjs.org/prop-types/-/prop-types-15.8.1.tgz",
      "integrity": "sha512-oj87CgZICdulUohogVAR7AjlC0327U4el4L6eAvOqCeudMDVU0NThNaV+b9Df4dXgSP1gXMTnPdhfe/2qDH5cg==",
      "license": "MIT",
      "dependencies": {
        "loose-envify": "^1.4.0",
        "object-assign": "^4.1.1",
        "react-is": "^16.13.1"
      }
    },
    "node_modules/prop-types/node_modules/react-is": {
      "version": "16.13.1",
      "resolved": "https://registry.npmjs.org/react-is/-/react-is-16.13.1.tgz",
      "integrity": "sha512-24e6ynE2H+OKt4kqsOvNd8kBpV65zoxbA4BVsEOB3ARVWQki/DHzaUoC5KuON/BiccDaCCTZBuOcfZs70kR8bQ==",
      "license": "MIT"
    },
    "node_modules/react": {
      "version": "19.2.0",
      "resolved": "https://registry.npmjs.org/react/-/react-19.2.0.tgz",
      "integrity": "sha512-tmbWg6W31tQLeB5cdIBOicJDJRR2KzXsV7uSK9iNfLWQ5bIZfxuPEHp7M8wiHyHnn0DD1i7w3Zmin0FtkrwoCQ==",
      "license": "MIT",
      "engines": {
        "node": ">=0.10.0"
      }
    },
    "node_modules/react-dom": {
      "version": "19.2.0",
      "resolved": "https://registry.npmjs.org/react-dom/-/react-dom-19.2.0.tgz",
      "integrity": "sha512-UlbRu4cAiGaIewkPyiRGJk0imDN2T3JjieT6spoL2UeSf5od4n5LB/mQ4ejmxhCFT1tYe8IvaFulzynWovsEFQ==",
      "license": "MIT",
      "dependencies": {
        "scheduler": "^0.27.0"
      },
      "peerDependencies": {
        "react": "^19.2.0"
      }
    },
    "node_modules/react-is": {
      "version": "17.0.2",
      "resolved": "https://registry.npmjs.org/react-is/-/react-is-17.0.2.tgz",
      "integrity": "sha512-w2GsyukL62IJnlaff/nRegPQR94C/XXamvMWmSHRJ4y7Ts/4ocGRmTHvOs8PSE6pB3dWOrD/nueuU5sduBsQ4w==",
      "license": "MIT"
    },
    "node_modules/react-player": {
      "version": "3.3.3",
      "resolved": "https://registry.npmjs.org/react-player/-/react-player-3.3.3.tgz",
      "integrity": "sha512-6U2ziVohA3WLdKI/WEQ7v27CIive0TCNIro55lJZka06fjB2kC4lJqBrvddG0yBvTDcn1owiUf2hRNaIzHAjIg==",
      "license": "MIT",
      "dependencies": {
        "@mux/mux-player-react": "^3.6.0",
        "cloudflare-video-element": "^1.3.4",
        "dash-video-element": "^0.2.0",
        "hls-video-element": "^1.5.8",
        "spotify-audio-element": "^1.0.3",
        "tiktok-video-element": "^0.1.1",
        "twitch-video-element": "^0.1.4",
        "vimeo-video-element": "^1.5.5",
        "wistia-video-element": "^1.3.4",
        "youtube-video-element": "^1.6.2"
      },
      "peerDependencies": {
        "@types/react": "^17.0.0 || ^18 || ^19",
        "react": "^17.0.2 || ^18 || ^19",
        "react-dom": "^17.0.2 || ^18 || ^19"
      }
    },
    "node_modules/react-router": {
      "version": "6.30.1",
      "resolved": "https://registry.npmjs.org/react-router/-/react-router-6.30.1.tgz",
      "integrity": "sha512-X1m21aEmxGXqENEPG3T6u0Th7g0aS4ZmoNynhbs+Cn+q+QGTLt+d5IQ2bHAXKzKcxGJjxACpVbnYQSCRcfxHlQ==",
      "license": "MIT",
      "dependencies": {
        "@remix-run/router": "1.23.0"
      },
      "engines": {
        "node": ">=14.0.0"
      },
      "peerDependencies": {
        "react": ">=16.8"
      }
    },
    "node_modules/react-router-dom": {
      "version": "6.30.1",
      "resolved": "https://registry.npmjs.org/react-router-dom/-/react-router-dom-6.30.1.tgz",
      "integrity": "sha512-llKsgOkZdbPU1Eg3zK8lCn+sjD9wMRZZPuzmdWWX5SUs8OFkN5HnFVC0u5KMeMaC9aoancFI/KoLuKPqN+hxHw==",
      "license": "MIT",
      "dependencies": {
        "@remix-run/router": "1.23.0",
        "react-router": "6.30.1"
      },
      "engines": {
        "node": ">=14.0.0"
      },
      "peerDependencies": {
        "react": ">=16.8",
        "react-dom": ">=16.8"
      }
    },
    "node_modules/react-scripts": {
      "version": "0.0.0",
      "resolved": "https://registry.npmjs.org/react-scripts/-/react-scripts-0.0.0.tgz",
      "integrity": "sha512-W7cVfdhbIvYrTjVaryO7WCpvzODu8V7JH/1O36RcfuzP3Cxjp5WpX5ycaoGt0LSQpntrem5jFSUoJrtvru1reA=="
    },
    "node_modules/redent": {
      "version": "3.0.0",
      "resolved": "https://registry.npmjs.org/redent/-/redent-3.0.0.tgz",
      "integrity": "sha512-6tDA8g98We0zd0GvVeMT9arEOnTw9qM03L9cJXaCjrip1OO764RDBLBfrB4cwzNGDj5OA5ioymC9GkizgWJDUg==",
      "license": "MIT",
      "dependencies": {
        "indent-string": "^4.0.0",
        "strip-indent": "^3.0.0"
      },
      "engines": {
        "node": ">=8"
      }
    },
    "node_modules/scheduler": {
      "version": "0.27.0",
      "resolved": "https://registry.npmjs.org/scheduler/-/scheduler-0.27.0.tgz",
      "integrity": "sha512-eNv+WrVbKu1f3vbYJT/xtiF5syA5HPIMtf9IgY/nKg0sWqzAUEvqY/xm7OcZc/qafLx/iO9FgOmeSAp4v5ti/Q==",
      "license": "MIT"
    },
    "node_modules/spotify-audio-element": {
      "version": "1.0.3",
      "resolved": "https://registry.npmjs.org/spotify-audio-element/-/spotify-audio-element-1.0.3.tgz",
      "integrity": "sha512-I1/qD8cg/UnTlCIMiKSdZUJTyYfYhaqFK7LIVElc48eOqUUbVCaw1bqL8I6mJzdMJTh3eoNyF/ewvB7NoS/g9A==",
      "license": "MIT"
    },
    "node_modules/strip-indent": {
      "version": "3.0.0",
      "resolved": "https://registry.npmjs.org/strip-indent/-/strip-indent-3.0.0.tgz",
      "integrity": "sha512-laJTa3Jb+VQpaC6DseHhF7dXVqHTfJPCRDaEbid/drOhgitgYku/letMUqOXFoWV0zIIUbjpdH2t+tYj4bQMRQ==",
      "license": "MIT",
      "dependencies": {
        "min-indent": "^1.0.0"
      },
      "engines": {
        "node": ">=8"
      }
    },
    "node_modules/super-media-element": {
      "version": "1.4.2",
      "resolved": "https://registry.npmjs.org/super-media-element/-/super-media-element-1.4.2.tgz",
      "integrity": "sha512-9pP/CVNp4NF2MNlRzLwQkjiTgKKe9WYXrLh9+8QokWmMxz+zt2mf1utkWLco26IuA3AfVcTb//qtlTIjY3VHxA==",
      "license": "MIT"
    },
    "node_modules/tiktok-video-element": {
      "version": "0.1.1",
      "resolved": "https://registry.npmjs.org/tiktok-video-element/-/tiktok-video-element-0.1.1.tgz",
      "integrity": "sha512-BaiVzvNz2UXDKTdSrXzrNf4q6Ecc+/utYUh7zdEu2jzYcJVDoqYbVfUl0bCfMoOeeAqg28vD/yN63Y3E9jOrlA==",
      "license": "MIT"
    },
    "node_modules/twitch-video-element": {
      "version": "0.1.4",
      "resolved": "https://registry.npmjs.org/twitch-video-element/-/twitch-video-element-0.1.4.tgz",
      "integrity": "sha512-SDpZ4f7sZmwHF6XG5PF0KWuP18pH/kNG04MhTcpqJby7Lk/D3TS/lCYd+RSg0rIAAVi1LDgSIo1yJs9kmHlhgw==",
      "license": "MIT"
    },
    "node_modules/ua-parser-js": {
      "version": "1.0.41",
      "resolved": "https://registry.npmjs.org/ua-parser-js/-/ua-parser-js-1.0.41.tgz",
      "integrity": "sha512-LbBDqdIC5s8iROCUjMbW1f5dJQTEFB1+KO9ogbvlb3nm9n4YHa5p4KTvFPWvh2Hs8gZMBuiB1/8+pdfe/tDPug==",
      "funding": [
        {
          "type": "opencollective",
          "url": "https://opencollective.com/ua-parser-js"
        },
        {
          "type": "paypal",
          "url": "https://paypal.me/faisalman"
        },
        {
          "type": "github",
          "url": "https://github.com/sponsors/faisalman"
        }
      ],
      "license": "MIT",
      "bin": {
        "ua-parser-js": "script/cli.js"
      },
      "engines": {
        "node": "*"
      }
    },
    "node_modules/vimeo-video-element": {
      "version": "1.6.0",
      "resolved": "https://registry.npmjs.org/vimeo-video-element/-/vimeo-video-element-1.6.0.tgz",
      "integrity": "sha512-Vs+WWvd6ph6FtY+DqrVO5OHUUS02An87QydUcCUtAsIiXnYhZl0yiDC0XxWiFluo+S6keG38i4xCaQfS1LgeSg==",
      "license": "MIT",
      "dependencies": {
        "@vimeo/player": "2.29.0"
      }
    },
    "node_modules/weakmap-polyfill": {
      "version": "2.0.4",
      "resolved": "https://registry.npmjs.org/weakmap-polyfill/-/weakmap-polyfill-2.0.4.tgz",
      "integrity": "sha512-ZzxBf288iALJseijWelmECm/1x7ZwQn3sMYIkDr2VvZp7r6SEKuT8D0O9Wiq6L9Nl5mazrOMcmiZE/2NCenaxw==",
      "license": "MIT",
      "engines": {
        "node": ">=8.10.0"
      }
    },
    "node_modules/web-vitals": {
      "version": "2.1.4",
      "resolved": "https://registry.npmjs.org/web-vitals/-/web-vitals-2.1.4.tgz",
      "integrity": "sha512-sVWcwhU5mX6crfI5Vd2dC4qchyTqxV8URinzt25XqVh+bHEPGH4C3NPrNionCP7Obx59wrYEbNlw4Z8sjALzZg==",
      "license": "Apache-2.0"
    },
    "node_modules/wistia-video-element": {
      "version": "1.3.4",
      "resolved": "https://registry.npmjs.org/wistia-video-element/-/wistia-video-element-1.3.4.tgz",
      "integrity": "sha512-2l22oaQe4jUfi3yvsh2m2oCEgvbqTzaSYx6aJnZAvV5hlMUJlyZheFUnaj0JU2wGlHdVGV7xNY+5KpKu+ruLYA==",
      "license": "MIT",
      "dependencies": {
        "super-media-element": "~1.4.2"
      }
    },
    "node_modules/youtube-video-element": {
      "version": "1.6.2",
      "resolved": "https://registry.npmjs.org/youtube-video-element/-/youtube-video-element-1.6.2.tgz",
      "integrity": "sha512-YHDIOAqgRpfl1Ois9HcB8UFtWOxK8KJrV5TXpImj4BKYP1rWT04f/fMM9tQ9SYZlBKukT7NR+9wcI3UpB5BMDQ==",
      "license": "MIT"
    }
  }
}
